
Microsoft Visual Studio Solution File, Format Version 12.00
# Visual Studio 15
VisualStudioVersion = 15.0.26430.15
MinimumVisualStudioVersion = 10.0.40219.1
Project("{2150E333-8FDC-42A3-9474-1A3956D46DE8}") = "WEEK1", "WEEK1", "{9A0B92BF-5AD4-428D-98A8-85023D23C306}"
EndProject
Project("{2150E333-8FDC-42A3-9474-1A3956D46DE8}") = "WEEK3", "WEEK3", "{07E84B3C-D029-448B-BA86-98E0B25412AE}"
EndProject
Project("{2150E333-8FDC-42A3-9474-1A3956D46DE8}") = "WEEK4", "WEEK4", "{E70BA4F9-4754-439E-99A6-1E4DD7F468DD}"
EndProject
Project("{2150E333-8FDC-42A3-9474-1A3956D46DE8}") = "WEEK5", "WEEK5", "{3FE47470-8086-41DC-AE6A-65568B067BDF}"
EndProject
Project("{2150E333-8FDC-42A3-9474-1A3956D46DE8}") = "WEEK6", "WEEK6", "{BE35CAAC-BF98-46D5-8EF5-C450D42860D4}"
EndProject
Project("{2150E333-8FDC-42A3-9474-1A3956D46DE8}") = "WEEK7", "WEEK7", "{2385F22A-C8B6-4F52-BE9D-7B8DCEBC58C6}"
EndProject
Project("{2150E333-8FDC-42A3-9474-1A3956D46DE8}") = "WEEK8", "WEEK8", "{A61C96D3-531C-4DF8-8765-B32A34A79905}"
EndProject
Project("{2150E333-8FDC-42A3-9474-1A3956D46DE8}") = "CSharpFinalProject", "CSharpFinalProject", "{803AE58F-57E8-4C4F-9F78-5DBB582379FF}"
	ProjectSection(SolutionItems) = preProject
		CSharpFinalProject\项目引用方面的方法.txt = CSharpFinalProject\项目引用方面的方法.txt
	EndProjectSection
EndProject
Project("{FAE04EC0-301F-11D3-BF4B-00C04F79EFBC}") = "YourAge", "WEEK1\YourAge\YourAge.csproj", "{FAD9CC47-FA79-4970-B877-557C4DA582DB}"
EndProject
Project("{FAE04EC0-301F-11D3-BF4B-00C04F79EFBC}") = "CS3-1", "WEEK3\CS3-1\CS3-1.csproj", "{4CE87B24-6C1F-414A-A2D6-70107CC69897}"
EndProject
Project("{FAE04EC0-301F-11D3-BF4B-00C04F79EFBC}") = "CS3-2", "WEEK3\CS3-2\CS3-2.csproj", "{C09F38B1-E7CA-4319-843D-5B3E37065679}"
EndProject
Project("{FAE04EC0-301F-11D3-BF4B-00C04F79EFBC}") = "CS3-3", "WEEK3\CS3-3\CS3-3.csproj", "{50930701-6B9E-4E00-8910-F6A27E64E092}"
EndProject
Project("{FAE04EC0-301F-11D3-BF4B-00C04F79EFBC}") = "CS3-4-1", "WEEK3\CS3-4-1\CS3-4-1.csproj", "{D43A7DA3-6336-4CAC-9BDA-CA920B286F64}"
EndProject
Project("{FAE04EC0-301F-11D3-BF4B-00C04F79EFBC}") = "CS3-4-2", "WEEK3\CS3-4-2\CS3-4-2.csproj", "{196518BB-484C-4C92-809B-D1D2FD60463B}"
EndProject
Project("{FAE04EC0-301F-11D3-BF4B-00C04F79EFBC}") = "CS3-5", "WEEK3\CS3-5\CS3-5.csproj", "{9B7ED6A1-2619-4862-814F-07B9B574511E}"
EndProject
Project("{FAE04EC0-301F-11D3-BF4B-00C04F79EFBC}") = "CS3-6", "WEEK3\CS3-6\CS3-6.csproj", "{BD7E14A3-69AB-4724-A0C9-8A9B1318223E}"
EndProject
Project("{FAE04EC0-301F-11D3-BF4B-00C04F79EFBC}") = "CS4-1", "WEEK4\CS4-1\CS4-1.csproj", "{65C312D5-2E53-40BE-BB67-B37B632FB4E0}"
EndProject
Project("{FAE04EC0-301F-11D3-BF4B-00C04F79EFBC}") = "CS4-2-1", "WEEK4\CS4-2-1\CS4-2-1.csproj", "{38C29CE2-EDD5-40A8-8EA4-BAB4C55654E0}"
EndProject
Project("{FAE04EC0-301F-11D3-BF4B-00C04F79EFBC}") = "CS4-2-2", "WEEK4\CS4-2-2\CS4-2-2.csproj", "{C18307B1-CD87-4B36-AF69-F07075910B47}"
EndProject
Project("{FAE04EC0-301F-11D3-BF4B-00C04F79EFBC}") = "CS4-3", "WEEK4\CS4-3\CS4-3.csproj", "{26387744-AC1C-4D04-9C80-B7948080AAAA}"
EndProject
Project("{FAE04EC0-301F-11D3-BF4B-00C04F79EFBC}") = "CS5-1", "WEEK5\CS5-1\CS5-1.csproj", "{0F4E54E3-7991-4FD9-9C40-BE44521F9642}"
EndProject
Project("{FAE04EC0-301F-11D3-BF4B-00C04F79EFBC}") = "CS5-2", "WEEK5\CS5-2\CS5-2.csproj", "{2835A6AE-4BF8-4978-9FA3-743E37D94CA6}"
EndProject
Project("{FAE04EC0-301F-11D3-BF4B-00C04F79EFBC}") = "CS5-3-1", "WEEK5\CS5-3-1\CS5-3-1.csproj", "{0CA7F555-5642-4632-A138-8826CC1F3461}"
EndProject
Project("{FAE04EC0-301F-11D3-BF4B-00C04F79EFBC}") = "CS5-3-2", "WEEK5\CS5-3-2\CS5-3-2.csproj", "{C3DB4508-C78B-4048-93F2-5E9C781147FD}"
EndProject
Project("{FAE04EC0-301F-11D3-BF4B-00C04F79EFBC}") = "CS5-3-3", "WEEK5\CS5-3-3\CS5-3-3.csproj", "{62EDC6D7-9B81-4D81-B82C-4D666B99F7EF}"
EndProject
Project("{FAE04EC0-301F-11D3-BF4B-00C04F79EFBC}") = "CS6-1", "WEEK6\CS6-1\CS6-1.csproj", "{44831AB0-DA52-4397-8C2A-6566B3066985}"
EndProject
Project("{FAE04EC0-301F-11D3-BF4B-00C04F79EFBC}") = "CS6-2-1", "WEEK6\CS6-2-1\CS6-2-1.csproj", "{9B05FF41-5EFC-4A2B-9A38-57EB4E059F0A}"
EndProject
Project("{FAE04EC0-301F-11D3-BF4B-00C04F79EFBC}") = "CS6-2-2", "WEEK6\CS6-2-2\CS6-2-2.csproj", "{A7482FA5-F6E1-4A79-BED9-C13CC31BBDFB}"
EndProject
Project("{FAE04EC0-301F-11D3-BF4B-00C04F79EFBC}") = "CS7-1", "WEEK7\CS7-1\CS7-1.csproj", "{D032395E-BFCA-4A73-97ED-95BBE8C4B344}"
EndProject
Project("{FAE04EC0-301F-11D3-BF4B-00C04F79EFBC}") = "CS7-2", "WEEK7\CS7-2\CS7-2.csproj", "{758FA909-E057-4065-9317-E48ABD5713E5}"
EndProject
Project("{FAE04EC0-301F-11D3-BF4B-00C04F79EFBC}") = "CS7-3", "WEEK7\CS7-3\CS7-3.csproj", "{96F48A58-65F3-4C68-A989-EA5349B8B5F2}"
EndProject
Project("{FAE04EC0-301F-11D3-BF4B-00C04F79EFBC}") = "CS8-1", "WEEK8\CS8-1\CS8-1.csproj", "{7A322234-3FEE-4B1F-9643-3E37D239AEC9}"
EndProject
Project("{FAE04EC0-301F-11D3-BF4B-00C04F79EFBC}") = "CS8-2", "WEEK8\CS8-2\CS8-2.csproj", "{3ABDE357-3086-403B-A51D-C8ACB4A10AD7}"
EndProject
Project("{FAE04EC0-301F-11D3-BF4B-00C04F79EFBC}") = "CS8-3-1", "WEEK8\CS8-3-1\CS8-3-1.csproj", "{0E62881E-2A37-4D00-9196-61B5F56A3D82}"
EndProject
Project("{FAE04EC0-301F-11D3-BF4B-00C04F79EFBC}") = "CS8-3-2", "WEEK8\CS8-3-2\CS8-3-2.csproj", "{CBA6650E-032E-484C-94AA-602AD526D547}"
EndProject
Project("{FAE04EC0-301F-11D3-BF4B-00C04F79EFBC}") = "CS8-5", "WEEK8\CS8-5\CS8-5.csproj", "{6E17EBEB-4605-49BE-80F5-25930C451D95}"
EndProject
Project("{FAE04EC0-301F-11D3-BF4B-00C04F79EFBC}") = "c2048", "CSharpFinalProject\c2048\c2048.csproj", "{3A848291-7CB3-483F-8554-0A25D1F74FAC}"
EndProject
Project("{FAE04EC0-301F-11D3-BF4B-00C04F79EFBC}") = "Tetris", "CSharpFinalProject\Tetris\Tetris.csproj", "{9019D100-074F-42FE-B3DD-452DDD995668}"
EndProject
Project("{FAE04EC0-301F-11D3-BF4B-00C04F79EFBC}") = "Main_Form", "CSharpFinalProject\Main_Form\Main_Form.csproj", "{07650331-74A7-46EA-B1AB-B99208A83377}"
EndProject
Project("{FAE04EC0-301F-11D3-BF4B-00C04F79EFBC}") = "new", "WEEK1\new\new.csproj", "{135A474A-B088-4FFD-9551-E0121308BB44}"
EndProject
Global
	GlobalSection(SolutionConfigurationPlatforms) = preSolution
		Debug|Any CPU = Debug|Any CPU
		Release|Any CPU = Release|Any CPU
	EndGlobalSection
	GlobalSection(ProjectConfigurationPlatforms) = postSolution
		{FAD9CC47-FA79-4970-B877-557C4DA582DB}.Debug|Any CPU.ActiveCfg = Debug|Any CPU
		{FAD9CC47-FA79-4970-B877-557C4DA582DB}.Debug|Any CPU.Build.0 = Debug|Any CPU
		{FAD9CC47-FA79-4970-B877-557C4DA582DB}.Release|Any CPU.ActiveCfg = Release|Any CPU
		{FAD9CC47-FA79-4970-B877-557C4DA582DB}.Release|Any CPU.Build.0 = Release|Any CPU
		{4CE87B24-6C1F-414A-A2D6-70107CC69897}.Debug|Any CPU.ActiveCfg = Debug|Any CPU
		{4CE87B24-6C1F-414A-A2D6-70107CC69897}.Debug|Any CPU.Build.0 = Debug|Any CPU
		{4CE87B24-6C1F-414A-A2D6-70107CC69897}.Release|Any CPU.ActiveCfg = Release|Any CPU
		{4CE87B24-6C1F-414A-A2D6-70107CC69897}.Release|Any CPU.Build.0 = Release|Any CPU
		{C09F38B1-E7CA-4319-843D-5B3E37065679}.Debug|Any CPU.ActiveCfg = Debug|Any CPU
		{C09F38B1-E7CA-4319-843D-5B3E37065679}.Debug|Any CPU.Build.0 = Debug|Any CPU
		{C09F38B1-E7CA-4319-843D-5B3E37065679}.Release|Any CPU.ActiveCfg = Release|Any CPU
		{C09F38B1-E7CA-4319-843D-5B3E37065679}.Release|Any CPU.Build.0 = Release|Any CPU
		{50930701-6B9E-4E00-8910-F6A27E64E092}.Debug|Any CPU.ActiveCfg = Debug|Any CPU
		{50930701-6B9E-4E00-8910-F6A27E64E092}.Debug|Any CPU.Build.0 = Debug|Any CPU
		{50930701-6B9E-4E00-8910-F6A27E64E092}.Release|Any CPU.ActiveCfg = Release|Any CPU
		{50930701-6B9E-4E00-8910-F6A27E64E092}.Release|Any CPU.Build.0 = Release|Any CPU
		{D43A7DA3-6336-4CAC-9BDA-CA920B286F64}.Debug|Any CPU.ActiveCfg = Debug|Any CPU
		{D43A7DA3-6336-4CAC-9BDA-CA920B286F64}.Debug|Any CPU.Build.0 = Debug|Any CPU
		{D43A7DA3-6336-4CAC-9BDA-CA920B286F64}.Release|Any CPU.ActiveCfg = Release|Any CPU
		{D43A7DA3-6336-4CAC-9BDA-CA920B286F64}.Release|Any CPU.Build.0 = Release|Any CPU
		{196518BB-484C-4C92-809B-D1D2FD60463B}.Debug|Any CPU.ActiveCfg = Debug|Any CPU
		{196518BB-484C-4C92-809B-D1D2FD60463B}.Debug|Any CPU.Build.0 = Debug|Any CPU
		{196518BB-484C-4C92-809B-D1D2FD60463B}.Release|Any CPU.ActiveCfg = Release|Any CPU
		{196518BB-484C-4C92-809B-D1D2FD60463B}.Release|Any CPU.Build.0 = Release|Any CPU
		{9B7ED6A1-2619-4862-814F-07B9B574511E}.Debug|Any CPU.ActiveCfg = Debug|Any CPU
		{9B7ED6A1-2619-4862-814F-07B9B574511E}.Debug|Any CPU.Build.0 = Debug|Any CPU
		{9B7ED6A1-2619-4862-814F-07B9B574511E}.Release|Any CPU.ActiveCfg = Release|Any CPU
		{9B7ED6A1-2619-4862-814F-07B9B574511E}.Release|Any CPU.Build.0 = Release|Any CPU
		{BD7E14A3-69AB-4724-A0C9-8A9B1318223E}.Debug|Any CPU.ActiveCfg = Debug|Any CPU
		{BD7E14A3-69AB-4724-A0C9-8A9B1318223E}.Debug|Any CPU.Build.0 = Debug|Any CPU
		{BD7E14A3-69AB-4724-A0C9-8A9B1318223E}.Release|Any CPU.ActiveCfg = Release|Any CPU
		{BD7E14A3-69AB-4724-A0C9-8A9B1318223E}.Release|Any CPU.Build.0 = Release|Any CPU
		{65C312D5-2E53-40BE-BB67-B37B632FB4E0}.Debug|Any CPU.ActiveCfg = Debug|Any CPU
		{65C312D5-2E53-40BE-BB67-B37B632FB4E0}.Debug|Any CPU.Build.0 = Debug|Any CPU
		{65C312D5-2E53-40BE-BB67-B37B632FB4E0}.Release|Any CPU.ActiveCfg = Release|Any CPU
		{65C312D5-2E53-40BE-BB67-B37B632FB4E0}.Release|Any CPU.Build.0 = Release|Any CPU
		{38C29CE2-EDD5-40A8-8EA4-BAB4C55654E0}.Debug|Any CPU.ActiveCfg = Debug|Any CPU
		{38C29CE2-EDD5-40A8-8EA4-BAB4C55654E0}.Debug|Any CPU.Build.0 = Debug|Any CPU
		{38C29CE2-EDD5-40A8-8EA4-BAB4C55654E0}.Release|Any CPU.ActiveCfg = Release|Any CPU
		{38C29CE2-EDD5-40A8-8EA4-BAB4C55654E0}.Release|Any CPU.Build.0 = Release|Any CPU
		{C18307B1-CD87-4B36-AF69-F07075910B47}.Debug|Any CPU.ActiveCfg = Debug|Any CPU
		{C18307B1-CD87-4B36-AF69-F07075910B47}.Debug|Any CPU.Build.0 = Debug|Any CPU
		{C18307B1-CD87-4B36-AF69-F07075910B47}.Release|Any CPU.ActiveCfg = Release|Any CPU
		{C18307B1-CD87-4B36-AF69-F07075910B47}.Release|Any CPU.Build.0 = Release|Any CPU
		{26387744-AC1C-4D04-9C80-B7948080AAAA}.Debug|Any CPU.ActiveCfg = Debug|Any CPU
		{26387744-AC1C-4D04-9C80-B7948080AAAA}.Debug|Any CPU.Build.0 = Debug|Any CPU
		{26387744-AC1C-4D04-9C80-B7948080AAAA}.Release|Any CPU.ActiveCfg = Release|Any CPU
		{26387744-AC1C-4D04-9C80-B7948080AAAA}.Release|Any CPU.Build.0 = Release|Any CPU
		{0F4E54E3-7991-4FD9-9C40-BE44521F9642}.Debug|Any CPU.ActiveCfg = Debug|Any CPU
		{0F4E54E3-7991-4FD9-9C40-BE44521F9642}.Debug|Any CPU.Build.0 = Debug|Any CPU
		{0F4E54E3-7991-4FD9-9C40-BE44521F9642}.Release|Any CPU.ActiveCfg = Release|Any CPU
		{0F4E54E3-7991-4FD9-9C40-BE44521F9642}.Release|Any CPU.Build.0 = Release|Any CPU
		{2835A6AE-4BF8-4978-9FA3-743E37D94CA6}.Debug|Any CPU.ActiveCfg = Debug|Any CPU
		{2835A6AE-4BF8-4978-9FA3-743E37D94CA6}.Debug|Any CPU.Build.0 = Debug|Any CPU
		{2835A6AE-4BF8-4978-9FA3-743E37D94CA6}.Release|Any CPU.ActiveCfg = Release|Any CPU
		{2835A6AE-4BF8-4978-9FA3-743E37D94CA6}.Release|Any CPU.Build.0 = Release|Any CPU
		{0CA7F555-5642-4632-A138-8826CC1F3461}.Debug|Any CPU.ActiveCfg = Debug|Any CPU
		{0CA7F555-5642-4632-A138-8826CC1F3461}.Debug|Any CPU.Build.0 = Debug|Any CPU
		{0CA7F555-5642-4632-A138-8826CC1F3461}.Release|Any CPU.ActiveCfg = Release|Any CPU
		{0CA7F555-5642-4632-A138-8826CC1F3461}.Release|Any CPU.Build.0 = Release|Any CPU
		{C3DB4508-C78B-4048-93F2-5E9C781147FD}.Debug|Any CPU.ActiveCfg = Debug|Any CPU
		{C3DB4508-C78B-4048-93F2-5E9C781147FD}.Debug|Any CPU.Build.0 = Debug|Any CPU
		{C3DB4508-C78B-4048-93F2-5E9C781147FD}.Release|Any CPU.ActiveCfg = Release|Any CPU
		{C3DB4508-C78B-4048-93F2-5E9C781147FD}.Release|Any CPU.Build.0 = Release|Any CPU
		{62EDC6D7-9B81-4D81-B82C-4D666B99F7EF}.Debug|Any CPU.ActiveCfg = Debug|Any CPU
		{62EDC6D7-9B81-4D81-B82C-4D666B99F7EF}.Debug|Any CPU.Build.0 = Debug|Any CPU
		{62EDC6D7-9B81-4D81-B82C-4D666B99F7EF}.Release|Any CPU.ActiveCfg = Release|Any CPU
		{62EDC6D7-9B81-4D81-B82C-4D666B99F7EF}.Release|Any CPU.Build.0 = Release|Any CPU
		{44831AB0-DA52-4397-8C2A-6566B3066985}.Debug|Any CPU.ActiveCfg = Debug|Any CPU
		{44831AB0-DA52-4397-8C2A-6566B3066985}.Debug|Any CPU.Build.0 = Debug|Any CPU
		{44831AB0-DA52-4397-8C2A-6566B3066985}.Release|Any CPU.ActiveCfg = Release|Any CPU
		{44831AB0-DA52-4397-8C2A-6566B3066985}.Release|Any CPU.Build.0 = Release|Any CPU
		{9B05FF41-5EFC-4A2B-9A38-57EB4E059F0A}.Debug|Any CPU.ActiveCfg = Debug|Any CPU
		{9B05FF41-5EFC-4A2B-9A38-57EB4E059F0A}.Debug|Any CPU.Build.0 = Debug|Any CPU
		{9B05FF41-5EFC-4A2B-9A38-57EB4E059F0A}.Release|Any CPU.ActiveCfg = Release|Any CPU
		{9B05FF41-5EFC-4A2B-9A38-57EB4E059F0A}.Release|Any CPU.Build.0 = Release|Any CPU
		{A7482FA5-F6E1-4A79-BED9-C13CC31BBDFB}.Debug|Any CPU.ActiveCfg = Debug|Any CPU
		{A7482FA5-F6E1-4A79-BED9-C13CC31BBDFB}.Debug|Any CPU.Build.0 = Debug|Any CPU
		{A7482FA5-F6E1-4A79-BED9-C13CC31BBDFB}.Release|Any CPU.ActiveCfg = Release|Any CPU
		{A7482FA5-F6E1-4A79-BED9-C13CC31BBDFB}.Release|Any CPU.Build.0 = Release|Any CPU
		{D032395E-BFCA-4A73-97ED-95BBE8C4B344}.Debug|Any CPU.ActiveCfg = Debug|Any CPU
		{D032395E-BFCA-4A73-97ED-95BBE8C4B344}.Debug|Any CPU.Build.0 = Debug|Any CPU
		{D032395E-BFCA-4A73-97ED-95BBE8C4B344}.Release|Any CPU.ActiveCfg = Release|Any CPU
		{D032395E-BFCA-4A73-97ED-95BBE8C4B344}.Release|Any CPU.Build.0 = Release|Any CPU
		{758FA909-E057-4065-9317-E48ABD5713E5}.Debug|Any CPU.ActiveCfg = Debug|Any CPU
		{758FA909-E057-4065-9317-E48ABD5713E5}.Debug|Any CPU.Build.0 = Debug|Any CPU
		{758FA909-E057-4065-9317-E48ABD5713E5}.Release|Any CPU.ActiveCfg = Release|Any CPU
		{758FA909-E057-4065-9317-E48ABD5713E5}.Release|Any CPU.Build.0 = Release|Any CPU
		{96F48A58-65F3-4C68-A989-EA5349B8B5F2}.Debug|Any CPU.ActiveCfg = Debug|Any CPU
		{96F48A58-65F3-4C68-A989-EA5349B8B5F2}.Debug|Any CPU.Build.0 = Debug|Any CPU
		{96F48A58-65F3-4C68-A989-EA5349B8B5F2}.Release|Any CPU.ActiveCfg = Release|Any CPU
		{96F48A58-65F3-4C68-A989-EA5349B8B5F2}.Release|Any CPU.Build.0 = Release|Any CPU
		{7A322234-3FEE-4B1F-9643-3E37D239AEC9}.Debug|Any CPU.ActiveCfg = Debug|Any CPU
		{7A322234-3FEE-4B1F-9643-3E37D239AEC9}.Debug|Any CPU.Build.0 = Debug|Any CPU
		{7A322234-3FEE-4B1F-9643-3E37D239AEC9}.Release|Any CPU.ActiveCfg = Release|Any CPU
		{7A322234-3FEE-4B1F-9643-3E37D239AEC9}.Release|Any CPU.Build.0 = Release|Any CPU
		{3ABDE357-3086-403B-A51D-C8ACB4A10AD7}.Debug|Any CPU.ActiveCfg = Debug|Any CPU
		{3ABDE357-3086-403B-A51D-C8ACB4A10AD7}.Debug|Any CPU.Build.0 = Debug|Any CPU
		{3ABDE357-3086-403B-A51D-C8ACB4A10AD7}.Release|Any CPU.ActiveCfg = Release|Any CPU
		{3ABDE357-3086-403B-A51D-C8ACB4A10AD7}.Release|Any CPU.Build.0 = Release|Any CPU
		{0E62881E-2A37-4D00-9196-61B5F56A3D82}.Debug|Any CPU.ActiveCfg = Debug|Any CPU
		{0E62881E-2A37-4D00-9196-61B5F56A3D82}.Debug|Any CPU.Build.0 = Debug|Any CPU
		{0E62881E-2A37-4D00-9196-61B5F56A3D82}.Release|Any CPU.ActiveCfg = Release|Any CPU
		{0E62881E-2A37-4D00-9196-61B5F56A3D82}.Release|Any CPU.Build.0 = Release|Any CPU
		{CBA6650E-032E-484C-94AA-602AD526D547}.Debug|Any CPU.ActiveCfg = Debug|Any CPU
		{CBA6650E-032E-484C-94AA-602AD526D547}.Debug|Any CPU.Build.0 = Debug|Any CPU
		{CBA6650E-032E-484C-94AA-602AD526D547}.Release|Any CPU.ActiveCfg = Release|Any CPU
		{CBA6650E-032E-484C-94AA-602AD526D547}.Release|Any CPU.Build.0 = Release|Any CPU
		{6E17EBEB-4605-49BE-80F5-25930C451D95}.Debug|Any CPU.ActiveCfg = Debug|Any CPU
		{6E17EBEB-4605-49BE-80F5-25930C451D95}.Debug|Any CPU.Build.0 = Debug|Any CPU
		{6E17EBEB-4605-49BE-80F5-25930C451D95}.Release|Any CPU.ActiveCfg = Release|Any CPU
		{6E17EBEB-4605-49BE-80F5-25930C451D95}.Release|Any CPU.Build.0 = Release|Any CPU
		{3A848291-7CB3-483F-8554-0A25D1F74FAC}.Debug|Any CPU.ActiveCfg = Debug|Any CPU
		{3A848291-7CB3-483F-8554-0A25D1F74FAC}.Debug|Any CPU.Build.0 = Debug|Any CPU
		{3A848291-7CB3-483F-8554-0A25D1F74FAC}.Release|Any CPU.ActiveCfg = Release|Any CPU
		{3A848291-7CB3-483F-8554-0A25D1F74FAC}.Release|Any CPU.Build.0 = Release|Any CPU
		{9019D100-074F-42FE-B3DD-452DDD995668}.Debug|Any CPU.ActiveCfg = Debug|Any CPU
		{9019D100-074F-42FE-B3DD-452DDD995668}.Debug|Any CPU.Build.0 = Debug|Any CPU
		{9019D100-074F-42FE-B3DD-452DDD995668}.Release|Any CPU.ActiveCfg = Release|Any CPU
		{9019D100-074F-42FE-B3DD-452DDD995668}.Release|Any CPU.Build.0 = Release|Any CPU
		{07650331-74A7-46EA-B1AB-B99208A83377}.Debug|Any CPU.ActiveCfg = Debug|Any CPU
		{07650331-74A7-46EA-B1AB-B99208A83377}.Debug|Any CPU.Build.0 = Debug|Any CPU
		{07650331-74A7-46EA-B1AB-B99208A83377}.Release|Any CPU.ActiveCfg = Release|Any CPU
		{07650331-74A7-46EA-B1AB-B99208A83377}.Release|Any CPU.Build.0 = Release|Any CPU
		{135A474A-B088-4FFD-9551-E0121308BB44}.Debug|Any CPU.ActiveCfg = Debug|Any CPU
		{135A474A-B088-4FFD-9551-E0121308BB44}.Debug|Any CPU.Build.0 = Debug|Any CPU
		{135A474A-B088-4FFD-9551-E0121308BB44}.Release|Any CPU.ActiveCfg = Release|Any CPU
		{135A474A-B088-4FFD-9551-E0121308BB44}.Release|Any CPU.Build.0 = Release|Any CPU
	EndGlobalSection
	GlobalSection(SolutionProperties) = preSolution
		HideSolutionNode = FALSE
	EndGlobalSection
	GlobalSection(NestedProjects) = preSolution
		{FAD9CC47-FA79-4970-B877-557C4DA582DB} = {9A0B92BF-5AD4-428D-98A8-85023D23C306}
		{4CE87B24-6C1F-414A-A2D6-70107CC69897} = {07E84B3C-D029-448B-BA86-98E0B25412AE}
		{C09F38B1-E7CA-4319-843D-5B3E37065679} = {07E84B3C-D029-448B-BA86-98E0B25412AE}
		{50930701-6B9E-4E00-8910-F6A27E64E092} = {07E84B3C-D029-448B-BA86-98E0B25412AE}
		{D43A7DA3-6336-4CAC-9BDA-CA920B286F64} = {07E84B3C-D029-448B-BA86-98E0B25412AE}
		{196518BB-484C-4C92-809B-D1D2FD60463B} = {07E84B3C-D029-448B-BA86-98E0B25412AE}
		{9B7ED6A1-2619-4862-814F-07B9B574511E} = {07E84B3C-D029-448B-BA86-98E0B25412AE}
		{BD7E14A3-69AB-4724-A0C9-8A9B1318223E} = {07E84B3C-D029-448B-BA86-98E0B25412AE}
		{65C312D5-2E53-40BE-BB67-B37B632FB4E0} = {E70BA4F9-4754-439E-99A6-1E4DD7F468DD}
		{38C29CE2-EDD5-40A8-8EA4-BAB4C55654E0} = {E70BA4F9-4754-439E-99A6-1E4DD7F468DD}
		{C18307B1-CD87-4B36-AF69-F07075910B47} = {E70BA4F9-4754-439E-99A6-1E4DD7F468DD}
		{26387744-AC1C-4D04-9C80-B7948080AAAA} = {E70BA4F9-4754-439E-99A6-1E4DD7F468DD}
		{0F4E54E3-7991-4FD9-9C40-BE44521F9642} = {3FE47470-8086-41DC-AE6A-65568B067BDF}
		{2835A6AE-4BF8-4978-9FA3-743E37D94CA6} = {3FE47470-8086-41DC-AE6A-65568B067BDF}
		{0CA7F555-5642-4632-A138-8826CC1F3461} = {3FE47470-8086-41DC-AE6A-65568B067BDF}
		{C3DB4508-C78B-4048-93F2-5E9C781147FD} = {3FE47470-8086-41DC-AE6A-65568B067BDF}
		{62EDC6D7-9B81-4D81-B82C-4D666B99F7EF} = {3FE47470-8086-41DC-AE6A-65568B067BDF}
		{44831AB0-DA52-4397-8C2A-6566B3066985} = {BE35CAAC-BF98-46D5-8EF5-C450D42860D4}
		{9B05FF41-5EFC-4A2B-9A38-57EB4E059F0A} = {BE35CAAC-BF98-46D5-8EF5-C450D42860D4}
		{A7482FA5-F6E1-4A79-BED9-C13CC31BBDFB} = {BE35CAAC-BF98-46D5-8EF5-C450D42860D4}
		{D032395E-BFCA-4A73-97ED-95BBE8C4B344} = {2385F22A-C8B6-4F52-BE9D-7B8DCEBC58C6}
		{758FA909-E057-4065-9317-E48ABD5713E5} = {2385F22A-C8B6-4F52-BE9D-7B8DCEBC58C6}
		{96F48A58-65F3-4C68-A989-EA5349B8B5F2} = {2385F22A-C8B6-4F52-BE9D-7B8DCEBC58C6}
		{7A322234-3FEE-4B1F-9643-3E37D239AEC9} = {A61C96D3-531C-4DF8-8765-B32A34A79905}
		{3ABDE357-3086-403B-A51D-C8ACB4A10AD7} = {A61C96D3-531C-4DF8-8765-B32A34A79905}
		{0E62881E-2A37-4D00-9196-61B5F56A3D82} = {A61C96D3-531C-4DF8-8765-B32A34A79905}
		{CBA6650E-032E-484C-94AA-602AD526D547} = {A61C96D3-531C-4DF8-8765-B32A34A79905}
		{6E17EBEB-4605-49BE-80F5-25930C451D95} = {A61C96D3-531C-4DF8-8765-B32A34A79905}
		{3A848291-7CB3-483F-8554-0A25D1F74FAC} = {803AE58F-57E8-4C4F-9F78-5DBB582379FF}
		{9019D100-074F-42FE-B3DD-452DDD995668} = {803AE58F-57E8-4C4F-9F78-5DBB582379FF}
		{07650331-74A7-46EA-B1AB-B99208A83377} = {803AE58F-57E8-4C4F-9F78-5DBB582379FF}
		{135A474A-B088-4FFD-9551-E0121308BB44} = {9A0B92BF-5AD4-428D-98A8-85023D23C306}
	EndGlobalSection
EndGlobal
